// !$*UTF8*$!
{
	archiveVersion = 1;
	classes = {
	};
	objectVersion = 48;
	objects = {

/* Begin PBXBuildFile section */
		34216ABC1F791F0B0026BB71 /* AppDelegate.swift in Sources */ = {isa = PBXBuildFile; fileRef = 34216ABB1F791F0B0026BB71 /* AppDelegate.swift */; };
		34216ABE1F791F0B0026BB71 /* ViewController.swift in Sources */ = {isa = PBXBuildFile; fileRef = 34216ABD1F791F0B0026BB71 /* ViewController.swift */; };
		34216AC11F791F0B0026BB71 /* Main.storyboard in Resources */ = {isa = PBXBuildFile; fileRef = 34216ABF1F791F0B0026BB71 /* Main.storyboard */; };
		34216AC31F791F0B0026BB71 /* Assets.xcassets in Resources */ = {isa = PBXBuildFile; fileRef = 34216AC21F791F0B0026BB71 /* Assets.xcassets */; };
		34216AC61F791F0B0026BB71 /* LaunchScreen.storyboard in Resources */ = {isa = PBXBuildFile; fileRef = 34216AC41F791F0B0026BB71 /* LaunchScreen.storyboard */; };
		34216AD11F791F0C0026BB71 /* QuotesTests.swift in Sources */ = {isa = PBXBuildFile; fileRef = 34216AD01F791F0C0026BB71 /* QuotesTests.swift */; };
		34216ADC1F791F0C0026BB71 /* QuotesUITests.swift in Sources */ = {isa = PBXBuildFile; fileRef = 34216ADB1F791F0C0026BB71 /* QuotesUITests.swift */; };
/* End PBXBuildFile section */

/* Begin PBXContainerItemProxy section */
		34216ACD1F791F0C0026BB71 /* PBXContainerItemProxy */ = {
			isa = PBXContainerItemProxy;
			containerPortal = 34216AB01F791F0B0026BB71 /* Project object */;
			proxyType = 1;
			remoteGlobalIDString = 34216AB71F791F0B0026BB71;
			remoteInfo = Quotes;
		};
		34216AD81F791F0C0026BB71 /* PBXContainerItemProxy */ = {
			isa = PBXContainerItemProxy;
			containerPortal = 34216AB01F791F0B0026BB71 /* Project object */;
			proxyType = 1;
			remoteGlobalIDString = 34216AB71F791F0B0026BB71;
			remoteInfo = Quotes;
		};
/* End PBXContainerItemProxy section */

/* Begin PBXFileReference section */
		34216AB81F791F0B0026BB71 /* Quotes.app */ = {isa = PBXFileReference; explicitFileType = wrapper.application; includeInIndex = 0; path = Quotes.app; sourceTree = BUILT_PRODUCTS_DIR; };
		34216ABB1F791F0B0026BB71 /* AppDelegate.swift */ = {isa = PBXFileReference; lastKnownFileType = sourcecode.swift; path = AppDelegate.swift; sourceTree = "<group>"; };
		34216ABD1F791F0B0026BB71 /* ViewController.swift */ = {isa = PBXFileReference; lastKnownFileType = sourcecode.swift; path = ViewController.swift; sourceTree = "<group>"; };
		34216AC01F791F0B0026BB71 /* Base */ = {isa = PBXFileReference; lastKnownFileType = file.storyboard; name = Base; path = Base.lproj/Main.storyboard; sourceTree = "<group>"; };
		34216AC21F791F0B0026BB71 /* Assets.xcassets */ = {isa = PBXFileReference; lastKnownFileType = folder.assetcatalog; path = Assets.xcassets; sourceTree = "<group>"; };
		34216AC51F791F0B0026BB71 /* Base */ = {isa = PBXFileReference; lastKnownFileType = file.storyboard; name = Base; path = Base.lproj/LaunchScreen.storyboard; sourceTree = "<group>"; };
		34216AC71F791F0B0026BB71 /* Info.plist */ = {isa = PBXFileReference; lastKnownFileType = text.plist.xml; path = Info.plist; sourceTree = "<group>"; };
		34216ACC1F791F0C0026BB71 /* QuotesTests.xctest */ = {isa = PBXFileReference; explicitFileType = wrapper.cfbundle; includeInIndex = 0; path = QuotesTests.xctest; sourceTree = BUILT_PRODUCTS_DIR; };
		34216AD01F791F0C0026BB71 /* QuotesTests.swift */ = {isa = PBXFileReference; lastKnownFileType = sourcecode.swift; path = QuotesTests.swift; sourceTree = "<group>"; };
		34216AD21F791F0C0026BB71 /* Info.plist */ = {isa = PBXFileReference; lastKnownFileType = text.plist.xml; path = Info.plist; sourceTree = "<group>"; };
		34216AD71F791F0C0026BB71 /* QuotesUITests.xctest */ = {isa = PBXFileReference; explicitFileType = wrapper.cfbundle; includeInIndex = 0; path = QuotesUITests.xctest; sourceTree = BUILT_PRODUCTS_DIR; };
		34216ADB1F791F0C0026BB71 /* QuotesUITests.swift */ = {isa = PBXFileReference; lastKnownFileType = sourcecode.swift; path = QuotesUITests.swift; sourceTree = "<group>"; };
		34216ADD1F791F0C0026BB71 /* Info.plist */ = {isa = PBXFileReference; lastKnownFileType = text.plist.xml; path = Info.plist; sourceTree = "<group>"; };
/* End PBXFileReference section */

/* Begin PBXFrameworksBuildPhase section */
		34216AB51F791F0B0026BB71 /* Frameworks */ = {
			isa = PBXFrameworksBuildPhase;
			buildActionMask = 2147483647;
			files = (
			);
			runOnlyForDeploymentPostprocessing = 0;
		};
		34216AC91F791F0C0026BB71 /* Frameworks */ = {
			isa = PBXFrameworksBuildPhase;
			buildActionMask = 2147483647;
			files = (
			);
			runOnlyForDeploymentPostprocessing = 0;
		};
		34216AD41F791F0C0026BB71 /* Frameworks */ = {
			isa = PBXFrameworksBuildPhase;
			buildActionMask = 2147483647;
			files = (
			);
			runOnlyForDeploymentPostprocessing = 0;
		};
/* End PBXFrameworksBuildPhase section */

/* Begin PBXGroup section */
		34216AAF1F791F0B0026BB71 = {
			isa = PBXGroup;
			children = (
				34216ABA1F791F0B0026BB71 /* Quotes */,
				34216ACF1F791F0C0026BB71 /* QuotesTests */,
				34216ADA1F791F0C0026BB71 /* QuotesUITests */,
				34216AB91F791F0B0026BB71 /* Products */,
			);
			sourceTree = "<group>";
		};
		34216AB91F791F0B0026BB71 /* Products */ = {
			isa = PBXGroup;
			children = (
				34216AB81F791F0B0026BB71 /* Quotes.app */,
				34216ACC1F791F0C0026BB71 /* QuotesTests.xctest */,
				34216AD71F791F0C0026BB71 /* QuotesUITests.xctest */,
			);
			name = Products;
			sourceTree = "<group>";
		};
		34216ABA1F791F0B0026BB71 /* Quotes */ = {
			isa = PBXGroup;
			children = (
				34216ABB1F791F0B0026BB71 /* AppDelegate.swift */,
				34216ABD1F791F0B0026BB71 /* ViewController.swift */,
				34216ABF1F791F0B0026BB71 /* Main.storyboard */,
				34216AC21F791F0B0026BB71 /* Assets.xcassets */,
				34216AC41F791F0B0026BB71 /* LaunchScreen.storyboard */,
				34216AC71F791F0B0026BB71 /* Info.plist */,
			);
			path = Quotes;
			sourceTree = "<group>";
		};
		34216ACF1F791F0C0026BB71 /* QuotesTests */ = {
			isa = PBXGroup;
			children = (
				34216AD01F791F0C0026BB71 /* QuotesTests.swift */,
				34216AD21F791F0C0026BB71 /* Info.plist */,
			);
			path = QuotesTests;
			sourceTree = "<group>";
		};
		34216ADA1F791F0C0026BB71 /* QuotesUITests */ = {
			isa = PBXGroup;
			children = (
				34216ADB1F791F0C0026BB71 /* QuotesUITests.swift */,
				34216ADD1F791F0C0026BB71 /* Info.plist */,
			);
			path = QuotesUITests;
			sourceTree = "<group>";
		};
/* End PBXGroup section */

/* Begin PBXNativeTarget section */
		34216AB71F791F0B0026BB71 /* Quotes */ = {
			isa = PBXNativeTarget;
			buildConfigurationList = 34216AE01F791F0C0026BB71 /* Build configuration list for PBXNativeTarget "Quotes" */;
			buildPhases = (
				34216AB41F791F0B0026BB71 /* Sources */,
				34216AB51F791F0B0026BB71 /* Frameworks */,
				34216AB61F791F0B0026BB71 /* Resources */,
			);
			buildRules = (
			);
			dependencies = (
			);
			name = Quotes;
			productName = Quotes;
			productReference = 34216AB81F791F0B0026BB71 /* Quotes.app */;
			productType = "com.apple.product-type.application";
		};
		34216ACB1F791F0C0026BB71 /* QuotesTests */ = {
			isa = PBXNativeTarget;
			buildConfigurationList = 34216AE31F791F0C0026BB71 /* Build configuration list for PBXNativeTarget "QuotesTests" */;
			buildPhases = (
				34216AC81F791F0C0026BB71 /* Sources */,
				34216AC91F791F0C0026BB71 /* Frameworks */,
				34216ACA1F791F0C0026BB71 /* Resources */,
			);
			buildRules = (
			);
			dependencies = (
				34216ACE1F791F0C0026BB71 /* PBXTargetDependency */,
			);
			name = QuotesTests;
			productName = QuotesTests;
			productReference = 34216ACC1F791F0C0026BB71 /* QuotesTests.xctest */;
			productType = "com.apple.product-type.bundle.unit-test";
		};
		34216AD61F791F0C0026BB71 /* QuotesUITests */ = {
			isa = PBXNativeTarget;
			buildConfigurationList = 34216AE61F791F0C0026BB71 /* Build configuration list for PBXNativeTarget "QuotesUITests" */;
			buildPhases = (
				34216AD31F791F0C0026BB71 /* Sources */,
				34216AD41F791F0C0026BB71 /* Frameworks */,
				34216AD51F791F0C0026BB71 /* Resources */,
			);
			buildRules = (
			);
			dependencies = (
				34216AD91F791F0C0026BB71 /* PBXTargetDependency */,
			);
			name = QuotesUITests;
			productName = QuotesUITests;
			productReference = 34216AD71F791F0C0026BB71 /* QuotesUITests.xctest */;
			productType = "com.apple.product-type.bundle.ui-testing";
		};
/* End PBXNativeTarget section */

/* Begin PBXProject section */
		34216AB01F791F0B0026BB71 /* Project object */ = {
			isa = PBXProject;
			attributes = {
				LastSwiftUpdateCheck = 0900;
				LastUpgradeCheck = 0900;
				ORGANIZATIONNAME = gr.ia;
				TargetAttributes = {
					34216AB71F791F0B0026BB71 = {
						CreatedOnToolsVersion = 9.0;
						ProvisioningStyle = Automatic;
					};
					34216ACB1F791F0C0026BB71 = {
						CreatedOnToolsVersion = 9.0;
						ProvisioningStyle = Automatic;
						TestTargetID = 34216AB71F791F0B0026BB71;
					};
					34216AD61F791F0C0026BB71 = {
						CreatedOnToolsVersion = 9.0;
						ProvisioningStyle = Automatic;
						TestTargetID = 34216AB71F791F0B0026BB71;
					};
				};
			};
			buildConfigurationList = 34216AB31F791F0B0026BB71 /* Build configuration list for PBXProject "Quotes" */;
			compatibilityVersion = "Xcode 8.0";
			developmentRegion = en;
			hasScannedForEncodings = 0;
			knownRegions = (
				en,
				Base,
			);
			mainGroup = 34216AAF1F791F0B0026BB71;
			productRefGroup = 34216AB91F791F0B0026BB71 /* Products */;
			projectDirPath = "";
			projectRoot = "";
			targets = (
				34216AB71F791F0B0026BB71 /* Quotes */,
				34216ACB1F791F0C0026BB71 /* QuotesTests */,
				34216AD61F791F0C0026BB71 /* QuotesUITests */,
			);
		};
/* End PBXProject section */

/* Begin PBXResourcesBuildPhase section */
		34216AB61F791F0B0026BB71 /* Resources */ = {
			isa = PBXResourcesBuildPhase;
			buildActionMask = 2147483647;
			files = (
				34216AC61F791F0B0026BB71 /* LaunchScreen.storyboard in Resources */,
				34216AC31F791F0B0026BB71 /* Assets.xcassets in Resources */,
				34216AC11F791F0B0026BB71 /* Main.storyboard in Resources */,
			);
			runOnlyForDeploymentPostprocessing = 0;
		};
		34216ACA1F791F0C0026BB71 /* Resources */ = {
			isa = PBXResourcesBuildPhase;
			buildActionMask = 2147483647;
			files = (
			);
			runOnlyForDeploymentPostprocessing = 0;
		};
		34216AD51F791F0C0026BB71 /* Resources */ = {
			isa = PBXResourcesBuildPhase;
			buildActionMask = 2147483647;
			files = (
			);
			runOnlyForDeploymentPostprocessing = 0;
		};
/* End PBXResourcesBuildPhase section */

/* Begin PBXSourcesBuildPhase section */
		34216AB41F791F0B0026BB71 /* Sources */ = {
			isa = PBXSourcesBuildPhase;
			buildActionMask = 2147483647;
			files = (
				34216ABE1F791F0B0026BB71 /* ViewController.swift in Sources */,
				34216ABC1F791F0B0026BB71 /* AppDelegate.swift in Sources */,
			);
			runOnlyForDeploymentPostprocessing = 0;
		};
		34216AC81F791F0C0026BB71 /* Sources */ = {
			isa = PBXSourcesBuildPhase;
			buildActionMask = 2147483647;
			files = (
				34216AD11F791F0C0026BB71 /* QuotesTests.swift in Sources */,
			);
			runOnlyForDeploymentPostprocessing = 0;
		};
		34216AD31F791F0C0026BB71 /* Sources */ = {
			isa = PBXSourcesBuildPhase;
			buildActionMask = 2147483647;
			files = (
				34216ADC1F791F0C0026BB71 /* QuotesUITests.swift in Sources */,
			);
			runOnlyForDeploymentPostprocessing = 0;
		};
/* End PBXSourcesBuildPhase section */

/* Begin PBXTargetDependency section */
		34216ACE1F791F0C0026BB71 /* PBXTargetDependency */ = {
			isa = PBXTargetDependency;
			target = 34216AB71F791F0B0026BB71 /* Quotes */;
			targetProxy = 34216ACD1F791F0C0026BB71 /* PBXContainerItemProxy */;
		};
		34216AD91F791F0C0026BB71 /* PBXTargetDependency */ = {
			isa = PBXTargetDependency;
			target = 34216AB71F791F0B0026BB71 /* Quotes */;
			targetProxy = 34216AD81F791F0C0026BB71 /* PBXContainerItemProxy */;
		};
/* End PBXTargetDependency section */

/* Begin PBXVariantGroup section */
		34216ABF1F791F0B0026BB71 /* Main.storyboard */ = {
			isa = PBXVariantGroup;
			children = (
				34216AC01F791F0B0026BB71 /* Base */,
			);
			name = Main.storyboard;
			sourceTree = "<group>";
		};
		34216AC41F791F0B0026BB71 /* LaunchScreen.storyboard */ = {
			isa = PBXVariantGroup;
			children = (
				34216AC51F791F0B0026BB71 /* Base */,
			);
			name = LaunchScreen.storyboard;
			sourceTree = "<group>";
		};
/* End PBXVariantGroup section */

/* Begin XCBuildConfiguration section */
		34216ADE1F791F0C0026BB71 /* Debug */ = {
			isa = XCBuildConfiguration;
			buildSettings = {
				ALWAYS_SEARCH_USER_PATHS = NO;
				CLANG_ANALYZER_NONNULL = YES;
				CLANG_ANALYZER_NUMBER_OBJECT_CONVERSION = YES_AGGRESSIVE;
				CLANG_CXX_LANGUAGE_STANDARD = "gnu++14";
				CLANG_CXX_LIBRARY = "libc++";
				CLANG_ENABLE_MODULES = YES;
				CLANG_ENABLE_OBJC_ARC = YES;
				CLANG_WARN_BLOCK_CAPTURE_AUTORELEASING = YES;
				CLANG_WARN_BOOL_CONVERSION = YES;
				CLANG_WARN_COMMA = YES;
				CLANG_WARN_CONSTANT_CONVERSION = YES;
				CLANG_WARN_DIRECT_OBJC_ISA_USAGE = YES_ERROR;
				CLANG_WARN_DOCUMENTATION_COMMENTS = YES;
				CLANG_WARN_EMPTY_BODY = YES;
				CLANG_WARN_ENUM_CONVERSION = YES;
				CLANG_WARN_INFINITE_RECURSION = YES;
				CLANG_WARN_INT_CONVERSION = YES;
				CLANG_WARN_NON_LITERAL_NULL_CONVERSION = YES;
				CLANG_WARN_OBJC_LITERAL_CONVERSION = YES;
				CLANG_WARN_OBJC_ROOT_CLASS = YES_ERROR;
				CLANG_WARN_RANGE_LOOP_ANALYSIS = YES;
				CLANG_WARN_STRICT_PROTOTYPES = YES;
				CLANG_WARN_SUSPICIOUS_MOVE = YES;
				CLANG_WARN_UNGUARDED_AVAILABILITY = YES_AGGRESSIVE;
				CLANG_WARN_UNREACHABLE_CODE = YES;
				CLANG_WARN__DUPLICATE_METHOD_MATCH = YES;
				CODE_SIGN_IDENTITY = "iPhone Developer";
				COPY_PHASE_STRIP = NO;
				DEBUG_INFORMATION_FORMAT = dwarf;
				ENABLE_STRICT_OBJC_MSGSEND = YES;
				ENABLE_TESTABILITY = YES;
				GCC_C_LANGUAGE_STANDARD = gnu11;
				GCC_DYNAMIC_NO_PIC = NO;
				GCC_NO_COMMON_BLOCKS = YES;
				GCC_OPTIMIZATION_LEVEL = 0;
				GCC_PREPROCESSOR_DEFINITIONS = (
					"DEBUG=1",
					"$(inherited)",
				);
				GCC_WARN_64_TO_32_BIT_CONVERSION = YES;
				GCC_WARN_ABOUT_RETURN_TYPE = YES_ERROR;
				GCC_WARN_UNDECLARED_SELECTOR = YES;
				GCC_WARN_UNINITIALIZED_AUTOS = YES_AGGRESSIVE;
				GCC_WARN_UNUSED_FUNCTION = YES;
				GCC_WARN_UNUSED_VARIABLE = YES;
				IPHONEOS_DEPLOYMENT_TARGET = 11.0;
				MTL_ENABLE_DEBUG_INFO = YES;
				ONLY_ACTIVE_ARCH = YES;
				SDKROOT = iphoneos;
				SWIFT_ACTIVE_COMPILATION_CONDITIONS = DEBUG;
				SWIFT_OPTIMIZATION_LEVEL = "-Onone";
			};
			name = Debug;
		};
		34216ADF1F791F0C0026BB71 /* Release */ = {
			isa = XCBuildConfiguration;
			buildSettings = {
				ALWAYS_SEARCH_USER_PATHS = NO;
				CLANG_ANALYZER_NONNULL = YES;
				CLANG_ANALYZER_NUMBER_OBJECT_CONVERSION = YES_AGGRESSIVE;
				CLANG_CXX_LANGUAGE_STANDARD = "gnu++14";
				CLANG_CXX_LIBRARY = "libc++";
				CLANG_ENABLE_MODULES = YES;
				CLANG_ENABLE_OBJC_ARC = YES;
				CLANG_WARN_BLOCK_CAPTURE_AUTORELEASING = YES;
				CLANG_WARN_BOOL_CONVERSION = YES;
				CLANG_WARN_COMMA = YES;
				CLANG_WARN_CONSTANT_CONVERSION = YES;
				CLANG_WARN_DIRECT_OBJC_ISA_USAGE = YES_ERROR;
				CLANG_WARN_DOCUMENTATION_COMMENTS = YES;
				CLANG_WARN_EMPTY_BODY = YES;
				CLANG_WARN_ENUM_CONVERSION = YES;
				CLANG_WARN_INFINITE_RECURSION = YES;
				CLANG_WARN_INT_CONVERSION = YES;
				CLANG_WARN_NON_LITERAL_NULL_CONVERSION = YES;
				CLANG_WARN_OBJC_LITERAL_CONVERSION = YES;
				CLANG_WARN_OBJC_ROOT_CLASS = YES_ERROR;
				CLANG_WARN_RANGE_LOOP_ANALYSIS = YES;
				CLANG_WARN_STRICT_PROTOTYPES = YES;
				CLANG_WARN_SUSPICIOUS_MOVE = YES;
				CLANG_WARN_UNGUARDED_AVAILABILITY = YES_AGGRESSIVE;
				CLANG_WARN_UNREACHABLE_CODE = YES;
				CLANG_WARN__DUPLICATE_METHOD_MATCH = YES;
				CODE_SIGN_IDENTITY = "iPhone Developer";
				COPY_PHASE_STRIP = NO;
				DEBUG_INFORMATION_FORMAT = "dwarf-with-dsym";
				ENABLE_NS_ASSERTIONS = NO;
				ENABLE_STRICT_OBJC_MSGSEND = YES;
				GCC_C_LANGUAGE_STANDARD = gnu11;
				GCC_NO_COMMON_BLOCKS = YES;
				GCC_WARN_64_TO_32_BIT_CONVERSION = YES;
				GCC_WARN_ABOUT_RETURN_TYPE = YES_ERROR;
				GCC_WARN_UNDECLARED_SELECTOR = YES;
				GCC_WARN_UNINITIALIZED_AUTOS = YES_AGGRESSIVE;
				GCC_WARN_UNUSED_FUNCTION = YES;
				GCC_WARN_UNUSED_VARIABLE = YES;
				IPHONEOS_DEPLOYMENT_TARGET = 11.0;
				MTL_ENABLE_DEBUG_INFO = NO;
				SDKROOT = iphoneos;
				SWIFT_OPTIMIZATION_LEVEL = "-Owholemodule";
				VALIDATE_PRODUCT = YES;
			};
			name = Release;
		};
		34216AE11F791F0C0026BB71 /* Debug */ = {
			isa = XCBuildConfiguration;
			buildSettings = {
				ASSETCATALOG_COMPILER_APPICON_NAME = AppIcon;
				CODE_SIGN_STYLE = Automatic;
				DEVELOPMENT_TEAM = 8C484Q34ME;
				INFOPLIST_FILE = Quotes/Info.plist;
				LD_RUNPATH_SEARCH_PATHS = "$(inherited) @executable_path/Frameworks";
				PRODUCT_BUNDLE_IDENTIFIER = gr.ia.Quotes;
				PRODUCT_NAME = "$(TARGET_NAME)";
				SWIFT_VERSION = 4.0;
				TARGETED_DEVICE_FAMILY = "1,2";
			};
			name = Debug;
		};
		34216AE21F791F0C0026BB71 /* Release */ = {
			isa = XCBuildConfiguration;
			buildSettings = {
				ASSETCATALOG_COMPILER_APPICON_NAME = AppIcon;
				CODE_SIGN_STYLE = Automatic;
				DEVELOPMENT_TEAM = 8C484Q34ME;
				INFOPLIST_FILE = Quotes/Info.plist;
				LD_RUNPATH_SEARCH_PATHS = "$(inherited) @executable_path/Frameworks";
				PRODUCT_BUNDLE_IDENTIFIER = gr.ia.Quotes;
				PRODUCT_NAME = "$(TARGET_NAME)";
				SWIFT_VERSION = 4.0;
				TARGETED_DEVICE_FAMILY = "1,2";
			};
			name = Release;
		};
		34216AE41F791F0C0026BB71 /* Debug */ = {
			isa = XCBuildConfiguration;
			buildSettings = {
				ALWAYS_EMBED_SWIFT_STANDARD_LIBRARIES = YES;
				BUNDLE_LOADER = "$(TEST_HOST)";
				CODE_SIGN_STYLE = Automatic;
				DEVELOPMENT_TEAM = 8C484Q34ME;
				INFOPLIST_FILE = QuotesTests/Info.plist;
				LD_RUNPATH_SEARCH_PATHS = "$(inherited) @executable_path/Frameworks @loader_path/Frameworks";
				PRODUCT_BUNDLE_IDENTIFIER = gr.ia.QuotesTests;
				PRODUCT_NAME = "$(TARGET_NAME)";
				SWIFT_VERSION = 4.0;
				TARGETED_DEVICE_FAMILY = "1,2";
				TEST_HOST = "$(BUILT_PRODUCTS_DIR)/Quotes.app/Quotes";
			};
			name = Debug;
		};
		34216AE51F791F0C0026BB71 /* Release */ = {
			isa = XCBuildConfiguration;
			buildSettings = {
				ALWAYS_EMBED_SWIFT_STANDARD_LIBRARIES = YES;
				BUNDLE_LOADER = "$(TEST_HOST)";
				CODE_SIGN_STYLE = Automatic;
				DEVELOPMENT_TEAM = 8C484Q34ME;
				INFOPLIST_FILE = QuotesTests/Info.plist;
				LD_RUNPATH_SEARCH_PATHS = "$(inherited) @executable_path/Frameworks @loader_path/Frameworks";
				PRODUCT_BUNDLE_IDENTIFIER = gr.ia.QuotesTests;
				PRODUCT_NAME = "$(TARGET_NAME)";
				SWIFT_VERSION = 4.0;
				TARGETED_DEVICE_FAMILY = "1,2";
				TEST_HOST = "$(BUILT_PRODUCTS_DIR)/Quotes.app/Quotes";
			};
			name = Release;
		};
		34216AE71F791F0C0026BB71 /* Debug */ = {
			isa = XCBuildConfiguration;
			buildSettings = {
				ALWAYS_EMBED_SWIFT_STANDARD_LIBRARIES = YES;
				CODE_SIGN_STYLE = Automatic;
				DEVELOPMENT_TEAM = 8C484Q34ME;
				INFOPLIST_FILE = QuotesUITests/Info.plist;
				LD_RUNPATH_SEARCH_PATHS = "$(inherited) @executable_path/Frameworks @loader_path/Frameworks";
				PRODUCT_BUNDLE_IDENTIFIER = gr.ia.QuotesUITests;
				PRODUCT_NAME = "$(TARGET_NAME)";
				SWIFT_VERSION = 4.0;
				TARGETED_DEVICE_FAMILY = "1,2";
				TEST_TARGET_NAME = Quotes;
			};
			name = Debug;
		};
		34216AE81F791F0C0026BB71 /* Release */ = {
			isa = XCBuildConfiguration;
			buildSettings = {
				ALWAYS_EMBED_SWIFT_STANDARD_LIBRARIES = YES;
				CODE_SIGN_STYLE = Automatic;
				DEVELOPMENT_TEAM = 8C484Q34ME;
				INFOPLIST_FILE = QuotesUITests/Info.plist;
				LD_RUNPATH_SEARCH_PATHS = "$(inherited) @executable_path/Frameworks @loader_path/Frameworks";
				PRODUCT_BUNDLE_IDENTIFIER = gr.ia.QuotesUITests;
				PRODUCT_NAME = "$(TARGET_NAME)";
				SWIFT_VERSION = 4.0;
				TARGETED_DEVICE_FAMILY = "1,2";
				TEST_TARGET_NAME = Quotes;
			};
			name = Release;
		};
/* End XCBuildConfiguration section */

/* Begin XCConfigurationList section */
		34216AB31F791F0B0026BB71 /* Build configuration list for PBXProject "Quotes" */ = {
			isa = XCConfigurationList;
			buildConfigurations = (
				34216ADE1F791F0C0026BB71 /* Debug */,
				34216ADF1F791F0C0026BB71 /* Release */,
			);
			defaultConfigurationIsVisible = 0;
			defaultConfigurationName = Release;
		};
		34216AE01F791F0C0026BB71 /* Build configuration list for PBXNativeTarget "Quotes" */ = {
			isa = XCConfigurationList;
			buildConfigurations = (
				34216AE11F791F0C0026BB71 /* Debug */,
				34216AE21F791F0C0026BB71 /* Release */,
			);
			defaultConfigurationIsVisible = 0;
			defaultConfigurationName = Release;
		};
		34216AE31F791F0C0026BB71 /* Build configuration list for PBXNativeTarget "QuotesTests" */ = {
			isa = XCConfigurationList;
			buildConfigurations = (
				34216AE41F791F0C0026BB71 /* Debug */,
				34216AE51F791F0C0026BB71 /* Release */,
			);
			defaultConfigurationIsVisible = 0;
			defaultConfigurationName = Release;
		};
		34216AE61F791F0C0026BB71 /* Build configuration list for PBXNativeTarget "QuotesUITests" */ = {
			isa = XCConfigurationList;
			buildConfigurations = (
				34216AE71F791F0C0026BB71 /* Debug */,
				34216AE81F791F0C0026BB71 /* Release */,
			);
			defaultConfigurationIsVisible = 0;
			defaultConfigurationName = Release;
		};
/* End XCConfigurationList section */
	};
	rootObject = 34216AB01F791F0B0026BB71 /* Project object */;
}
